
Microsoft Visual Studio Solution File, Format Version 12.00
# Visual Studio 15
VisualStudioVersion = 15.0.28124.53
MinimumVisualStudioVersion = 10.0.40219.1
Project("{9A19103F-16F7-4668-BE54-9A1E7A4F7556}") = "BoardGamesApi", "BoardGamesApi\BoardGamesApi.csproj", "{DE065C30-A4F2-46A6-AC82-F4D34196A1E1}"
EndProject
Project("{FAE04EC0-301F-11D3-BF4B-00C04F79EFBC}") = "BoardGamesApi.Tests", "BoardGamesApi.Tests\BoardGamesApi.Tests.csproj", "{FBD00479-8F5D-4CBF-BF18-DFF40BC54E10}"
EndProject
Global
	GlobalSection(SolutionConfigurationPlatforms) = preSolution
		Debug|Any CPU = Debug|Any CPU
		Release|Any CPU = Release|Any CPU
	EndGlobalSection
	GlobalSection(ProjectConfigurationPlatforms) = postSolution
		{DE065C30-A4F2-46A6-AC82-F4D34196A1E1}.Debug|Any CPU.ActiveCfg = Debug|Any CPU
		{DE065C30-A4F2-46A6-AC82-F4D34196A1E1}.Debug|Any CPU.Build.0 = Debug|Any CPU
		{DE065C30-A4F2-46A6-AC82-F4D34196A1E1}.Release|Any CPU.ActiveCfg = Release|Any CPU
		{DE065C30-A4F2-46A6-AC82-F4D34196A1E1}.Release|Any CPU.Build.0 = Release|Any CPU
		{FBD00479-8F5D-4CBF-BF18-DFF40BC54E10}.Debug|Any CPU.ActiveCfg = Debug|Any CPU
		{FBD00479-8F5D-4CBF-BF18-DFF40BC54E10}.Debug|Any CPU.Build.0 = Debug|Any CPU
		{FBD00479-8F5D-4CBF-BF18-DFF40BC54E10}.Release|Any CPU.ActiveCfg = Release|Any CPU
		{FBD00479-8F5D-4CBF-BF18-DFF40BC54E10}.Release|Any CPU.Build.0 = Release|Any CPU
	EndGlobalSection
	GlobalSection(SolutionProperties) = preSolution
		HideSolutionNode = FALSE
	EndGlobalSection
	GlobalSection(ExtensibilityGlobals) = postSolution
		SolutionGuid = {C67B1D12-306E-4EDF-A63D-53387E5652FB}
	EndGlobalSection
EndGlobal
